// !$*UTF8*$!
{
	archiveVersion = 1;
	classes = {
	};
	objectVersion = 77;
	objects = {

/* Begin PBXBuildFile section */
		110F777C6BBFA363CE66CD48 /* CameraManager.swift in Sources */ = {isa = PBXBuildFile; fileRef = 6F36C32ECD1A3F47BD15263B /* CameraManager.swift */; };
		145EC29E7E7A81732451FE53 /* LocationManager.swift in Sources */ = {isa = PBXBuildFile; fileRef = 27AB699146CA5BAFFCFBB859 /* LocationManager.swift */; };
		1A3D488EDE424967A42CCEEB /* Assets.xcassets in Resources */ = {isa = PBXBuildFile; fileRef = 01726210B85EC4A2761B2DCD /* Assets.xcassets */; };
		1CAA214C371BC3382E85B122 /* MapOutlineRenderer.swift in Sources */ = {isa = PBXBuildFile; fileRef = 05AFA22B046D7E50FC55608E /* MapOutlineRenderer.swift */; };
		323EED6EC449671AC3B6FCB8 /* MetalPreviewView.swift in Sources */ = {isa = PBXBuildFile; fileRef = DCBE2AC97B2A888F1FBDF2A6 /* MetalPreviewView.swift */; };
		3852DFF6555803BC5334885C /* CountryShapes.swift in Sources */ = {isa = PBXBuildFile; fileRef = AD78F23409D63F01C1BF1658 /* CountryShapes.swift */; };
		49E7BD7D40770696C8487B38 /* NearbyPlacesManager.swift in Sources */ = {isa = PBXBuildFile; fileRef = 64B8FD0AABF6D58ADBB5B578 /* NearbyPlacesManager.swift */; };
		593A74D042D4BB37AFAA6C0F /* POISettingsView.swift in Sources */ = {isa = PBXBuildFile; fileRef = 734999EA9340C06030BBC65A /* POISettingsView.swift */; };
		63037A50EF9D6CC3496A4200 /* HelpView.swift in Sources */ = {isa = PBXBuildFile; fileRef = 236023FBE8316B51266B73AE /* HelpView.swift */; };
		698D0A95F71B9D66C5B2044C /* ContentView.swift in Sources */ = {isa = PBXBuildFile; fileRef = 1C7A342D349AC2C74E0A42A7 /* ContentView.swift */; };
		699AC4EB57E53DF3E9C2517B /* PhotoSaver.swift in Sources */ = {isa = PBXBuildFile; fileRef = 5A28D0D4A1F9C57D0F482CB3 /* PhotoSaver.swift */; };
		69A0E224CED9F908EE2178BE /* PhotoRenderer.swift in Sources */ = {isa = PBXBuildFile; fileRef = A3B495C01451E48CC0F3E3CF /* PhotoRenderer.swift */; };
		7F76511403A58DAEEF23E41B /* RetroFilmFilter.swift in Sources */ = {isa = PBXBuildFile; fileRef = DCB287E7DAD6FB67843686B7 /* RetroFilmFilter.swift */; };
		A1F873C2B78169928CFA5933 /* CATcamApp.swift in Sources */ = {isa = PBXBuildFile; fileRef = F5C1C618B453AE2C2E2917EC /* CATcamApp.swift */; };
		B324EE8DB0F004D57FBA3118 /* countries.min.json in Resources */ = {isa = PBXBuildFile; fileRef = C449E90138FF96E9EE0C36BC /* countries.min.json */; };
		C41D28F9D8656A5CAD1C8C52 /* Haptics.swift in Sources */ = {isa = PBXBuildFile; fileRef = 7A92C6BC0391E78BDEC4C265 /* Haptics.swift */; };
		D5934EB9CC297E97120696F9 /* RetroFilm.ci.metal in Sources */ = {isa = PBXBuildFile; fileRef = 76779D08A337D6D4402A28AF /* RetroFilm.ci.metal */; };
/* End PBXBuildFile section */

/* Begin PBXFileReference section */
		01726210B85EC4A2761B2DCD /* Assets.xcassets */ = {isa = PBXFileReference; lastKnownFileType = folder.assetcatalog; path = Assets.xcassets; sourceTree = "<group>"; };
		05AFA22B046D7E50FC55608E /* MapOutlineRenderer.swift */ = {isa = PBXFileReference; lastKnownFileType = sourcecode.swift; path = MapOutlineRenderer.swift; sourceTree = "<group>"; };
		1C7A342D349AC2C74E0A42A7 /* ContentView.swift */ = {isa = PBXFileReference; lastKnownFileType = sourcecode.swift; path = ContentView.swift; sourceTree = "<group>"; };
		236023FBE8316B51266B73AE /* HelpView.swift */ = {isa = PBXFileReference; lastKnownFileType = sourcecode.swift; path = HelpView.swift; sourceTree = "<group>"; };
		27AB699146CA5BAFFCFBB859 /* LocationManager.swift */ = {isa = PBXFileReference; lastKnownFileType = sourcecode.swift; path = LocationManager.swift; sourceTree = "<group>"; };
		5188DA5BCE05B044E5F75770 /* Info.plist */ = {isa = PBXFileReference; lastKnownFileType = text.plist; path = Info.plist; sourceTree = "<group>"; };
		5A28D0D4A1F9C57D0F482CB3 /* PhotoSaver.swift */ = {isa = PBXFileReference; lastKnownFileType = sourcecode.swift; path = PhotoSaver.swift; sourceTree = "<group>"; };
		64B8FD0AABF6D58ADBB5B578 /* NearbyPlacesManager.swift */ = {isa = PBXFileReference; lastKnownFileType = sourcecode.swift; path = NearbyPlacesManager.swift; sourceTree = "<group>"; };
		6F36C32ECD1A3F47BD15263B /* CameraManager.swift */ = {isa = PBXFileReference; lastKnownFileType = sourcecode.swift; path = CameraManager.swift; sourceTree = "<group>"; };
		734999EA9340C06030BBC65A /* POISettingsView.swift */ = {isa = PBXFileReference; lastKnownFileType = sourcecode.swift; path = POISettingsView.swift; sourceTree = "<group>"; };
		76779D08A337D6D4402A28AF /* RetroFilm.ci.metal */ = {isa = PBXFileReference; lastKnownFileType = sourcecode.metal; path = RetroFilm.ci.metal; sourceTree = "<group>"; };
		7A92C6BC0391E78BDEC4C265 /* Haptics.swift */ = {isa = PBXFileReference; lastKnownFileType = sourcecode.swift; path = Haptics.swift; sourceTree = "<group>"; };
		89F9BDF2DEE9D9AA52B67B06 /* CATcam.app */ = {isa = PBXFileReference; includeInIndex = 0; lastKnownFileType = wrapper.application; path = CATcam.app; sourceTree = BUILT_PRODUCTS_DIR; };
		A3B495C01451E48CC0F3E3CF /* PhotoRenderer.swift */ = {isa = PBXFileReference; lastKnownFileType = sourcecode.swift; path = PhotoRenderer.swift; sourceTree = "<group>"; };
		AD78F23409D63F01C1BF1658 /* CountryShapes.swift */ = {isa = PBXFileReference; lastKnownFileType = sourcecode.swift; path = CountryShapes.swift; sourceTree = "<group>"; };
		C449E90138FF96E9EE0C36BC /* countries.min.json */ = {isa = PBXFileReference; lastKnownFileType = text.json; path = countries.min.json; sourceTree = "<group>"; };
		DCB287E7DAD6FB67843686B7 /* RetroFilmFilter.swift */ = {isa = PBXFileReference; lastKnownFileType = sourcecode.swift; path = RetroFilmFilter.swift; sourceTree = "<group>"; };
		DCBE2AC97B2A888F1FBDF2A6 /* MetalPreviewView.swift */ = {isa = PBXFileReference; lastKnownFileType = sourcecode.swift; path = MetalPreviewView.swift; sourceTree = "<group>"; };
		F5C1C618B453AE2C2E2917EC /* CATcamApp.swift */ = {isa = PBXFileReference; lastKnownFileType = sourcecode.swift; path = CATcamApp.swift; sourceTree = "<group>"; };
/* End PBXFileReference section */

/* Begin PBXGroup section */
		0153C66A1AD1C62DE6D733D8 /* CATcam */ = {
			isa = PBXGroup;
			children = (
				01726210B85EC4A2761B2DCD /* Assets.xcassets */,
				F5C1C618B453AE2C2E2917EC /* CATcamApp.swift */,
				1C7A342D349AC2C74E0A42A7 /* ContentView.swift */,
				7A92C6BC0391E78BDEC4C265 /* Haptics.swift */,
				236023FBE8316B51266B73AE /* HelpView.swift */,
				5188DA5BCE05B044E5F75770 /* Info.plist */,
				734999EA9340C06030BBC65A /* POISettingsView.swift */,
				9247D49C2C8D75E2EF877A04 /* Camera */,
				B673FF54F0AD8121FBFF101E /* Filters */,
				A27A8F9B86F3156D6090F557 /* Location */,
				D5A12ECC8F234868A2BEA637 /* MapOutline */,
				D6B8DC2AECF9EC3209E0FE5C /* Rendering */,
				217D86BC7E121C59EBFD1884 /* Resources */,
			);
			path = CATcam;
			sourceTree = "<group>";
		};
		217D86BC7E121C59EBFD1884 /* Resources */ = {
			isa = PBXGroup;
			children = (
				C449E90138FF96E9EE0C36BC /* countries.min.json */,
			);
			path = Resources;
			sourceTree = "<group>";
		};
		91A854E3D8453764ACF672B6 = {
			isa = PBXGroup;
			children = (
				0153C66A1AD1C62DE6D733D8 /* CATcam */,
				ADB88473D7E68468C95BFFD9 /* Products */,
			);
			sourceTree = "<group>";
		};
		9247D49C2C8D75E2EF877A04 /* Camera */ = {
			isa = PBXGroup;
			children = (
				6F36C32ECD1A3F47BD15263B /* CameraManager.swift */,
				DCBE2AC97B2A888F1FBDF2A6 /* MetalPreviewView.swift */,
			);
			path = Camera;
			sourceTree = "<group>";
		};
		A27A8F9B86F3156D6090F557 /* Location */ = {
			isa = PBXGroup;
			children = (
				27AB699146CA5BAFFCFBB859 /* LocationManager.swift */,
				64B8FD0AABF6D58ADBB5B578 /* NearbyPlacesManager.swift */,
			);
			path = Location;
			sourceTree = "<group>";
		};
		ADB88473D7E68468C95BFFD9 /* Products */ = {
			isa = PBXGroup;
			children = (
				89F9BDF2DEE9D9AA52B67B06 /* CATcam.app */,
			);
			name = Products;
			sourceTree = "<group>";
		};
		B673FF54F0AD8121FBFF101E /* Filters */ = {
			isa = PBXGroup;
			children = (
				76779D08A337D6D4402A28AF /* RetroFilm.ci.metal */,
				DCB287E7DAD6FB67843686B7 /* RetroFilmFilter.swift */,
			);
			path = Filters;
			sourceTree = "<group>";
		};
		D5A12ECC8F234868A2BEA637 /* MapOutline */ = {
			isa = PBXGroup;
			children = (
				AD78F23409D63F01C1BF1658 /* CountryShapes.swift */,
				05AFA22B046D7E50FC55608E /* MapOutlineRenderer.swift */,
			);
			path = MapOutline;
			sourceTree = "<group>";
		};
		D6B8DC2AECF9EC3209E0FE5C /* Rendering */ = {
			isa = PBXGroup;
			children = (
				A3B495C01451E48CC0F3E3CF /* PhotoRenderer.swift */,
				5A28D0D4A1F9C57D0F482CB3 /* PhotoSaver.swift */,
			);
			path = Rendering;
			sourceTree = "<group>";
		};
/* End PBXGroup section */

/* Begin PBXNativeTarget section */
		0852768572AD1A6A2E6D8417 /* CATcam */ = {
			isa = PBXNativeTarget;
			buildConfigurationList = 00035204954DA56329510E5C /* Build configuration list for PBXNativeTarget "CATcam" */;
			buildPhases = (
				10DF9EB7C028539CF18E28A2 /* Sources */,
				F84042F83AC5A50E2FE7BBB6 /* Resources */,
			);
			buildRules = (
			);
			dependencies = (
			);
			name = CATcam;
			packageProductDependencies = (
			);
			productName = CATcam;
			productReference = 89F9BDF2DEE9D9AA52B67B06 /* CATcam.app */;
			productType = "com.apple.product-type.application";
		};
/* End PBXNativeTarget section */

/* Begin PBXProject section */
		3CFAF8691A151A7EB2A9F231 /* Project object */ = {
			isa = PBXProject;
			attributes = {
				BuildIndependentTargetsInParallel = YES;
				LastUpgradeCheck = 1430;
				TargetAttributes = {
					0852768572AD1A6A2E6D8417 = {
						ProvisioningStyle = Automatic;
					};
				};
			};
			buildConfigurationList = E276099BFD1A1E49FD9C8F53 /* Build configuration list for PBXProject "CATcam" */;
			compatibilityVersion = "Xcode 14.0";
			developmentRegion = en;
			hasScannedForEncodings = 0;
			knownRegions = (
				Base,
				en,
			);
			mainGroup = 91A854E3D8453764ACF672B6;
			minimizedProjectReferenceProxies = 1;
			preferredProjectObjectVersion = 77;
			projectDirPath = "";
			projectRoot = "";
			targets = (
				0852768572AD1A6A2E6D8417 /* CATcam */,
			);
		};
/* End PBXProject section */

/* Begin PBXResourcesBuildPhase section */
		F84042F83AC5A50E2FE7BBB6 /* Resources */ = {
			isa = PBXResourcesBuildPhase;
			buildActionMask = 2147483647;
			files = (
				1A3D488EDE424967A42CCEEB /* Assets.xcassets in Resources */,
				B324EE8DB0F004D57FBA3118 /* countries.min.json in Resources */,
			);
			runOnlyForDeploymentPostprocessing = 0;
		};
/* End PBXResourcesBuildPhase section */

/* Begin PBXSourcesBuildPhase section */
		10DF9EB7C028539CF18E28A2 /* Sources */ = {
			isa = PBXSourcesBuildPhase;
			buildActionMask = 2147483647;
			files = (
				A1F873C2B78169928CFA5933 /* CATcamApp.swift in Sources */,
				110F777C6BBFA363CE66CD48 /* CameraManager.swift in Sources */,
				698D0A95F71B9D66C5B2044C /* ContentView.swift in Sources */,
				3852DFF6555803BC5334885C /* CountryShapes.swift in Sources */,
				C41D28F9D8656A5CAD1C8C52 /* Haptics.swift in Sources */,
				63037A50EF9D6CC3496A4200 /* HelpView.swift in Sources */,
				145EC29E7E7A81732451FE53 /* LocationManager.swift in Sources */,
				1CAA214C371BC3382E85B122 /* MapOutlineRenderer.swift in Sources */,
				323EED6EC449671AC3B6FCB8 /* MetalPreviewView.swift in Sources */,
				49E7BD7D40770696C8487B38 /* NearbyPlacesManager.swift in Sources */,
				593A74D042D4BB37AFAA6C0F /* POISettingsView.swift in Sources */,
				69A0E224CED9F908EE2178BE /* PhotoRenderer.swift in Sources */,
				699AC4EB57E53DF3E9C2517B /* PhotoSaver.swift in Sources */,
				D5934EB9CC297E97120696F9 /* RetroFilm.ci.metal in Sources */,
				7F76511403A58DAEEF23E41B /* RetroFilmFilter.swift in Sources */,
			);
			runOnlyForDeploymentPostprocessing = 0;
		};
/* End PBXSourcesBuildPhase section */

/* Begin XCBuildConfiguration section */
		052E6B02BCD2D6B787F1F735 /* Debug */ = {
			isa = XCBuildConfiguration;
			buildSettings = {
				ALWAYS_SEARCH_USER_PATHS = NO;
				CLANG_ANALYZER_NONNULL = YES;
				CLANG_ANALYZER_NUMBER_OBJECT_CONVERSION = YES_AGGRESSIVE;
				CLANG_CXX_LANGUAGE_STANDARD = "gnu++14";
				CLANG_CXX_LIBRARY = "libc++";
				CLANG_ENABLE_MODULES = YES;
				CLANG_ENABLE_OBJC_ARC = YES;
				CLANG_ENABLE_OBJC_WEAK = YES;
				CLANG_WARN_BLOCK_CAPTURE_AUTORELEASING = YES;
				CLANG_WARN_BOOL_CONVERSION = YES;
				CLANG_WARN_COMMA = YES;
				CLANG_WARN_CONSTANT_CONVERSION = YES;
				CLANG_WARN_DEPRECATED_OBJC_IMPLEMENTATIONS = YES;
				CLANG_WARN_DIRECT_OBJC_ISA_USAGE = YES_ERROR;
				CLANG_WARN_DOCUMENTATION_COMMENTS = YES;
				CLANG_WARN_EMPTY_BODY = YES;
				CLANG_WARN_ENUM_CONVERSION = YES;
				CLANG_WARN_INFINITE_RECURSION = YES;
				CLANG_WARN_INT_CONVERSION = YES;
				CLANG_WARN_NON_LITERAL_NULL_CONVERSION = YES;
				CLANG_WARN_OBJC_IMPLICIT_RETAIN_SELF = YES;
				CLANG_WARN_OBJC_LITERAL_CONVERSION = YES;
				CLANG_WARN_OBJC_ROOT_CLASS = YES_ERROR;
				CLANG_WARN_QUOTED_INCLUDE_IN_FRAMEWORK_HEADER = YES;
				CLANG_WARN_RANGE_LOOP_ANALYSIS = YES;
				CLANG_WARN_STRICT_PROTOTYPES = YES;
				CLANG_WARN_SUSPICIOUS_MOVE = YES;
				CLANG_WARN_UNGUARDED_AVAILABILITY = YES_AGGRESSIVE;
				CLANG_WARN_UNREACHABLE_CODE = YES;
				CLANG_WARN__DUPLICATE_METHOD_MATCH = YES;
				COPY_PHASE_STRIP = NO;
				DEBUG_INFORMATION_FORMAT = dwarf;
				ENABLE_STRICT_OBJC_MSGSEND = YES;
				ENABLE_TESTABILITY = YES;
				GCC_C_LANGUAGE_STANDARD = gnu11;
				GCC_DYNAMIC_NO_PIC = NO;
				GCC_NO_COMMON_BLOCKS = YES;
				GCC_OPTIMIZATION_LEVEL = 0;
				GCC_PREPROCESSOR_DEFINITIONS = (
					"$(inherited)",
					"DEBUG=1",
				);
				GCC_WARN_64_TO_32_BIT_CONVERSION = YES;
				GCC_WARN_ABOUT_RETURN_TYPE = YES_ERROR;
				GCC_WARN_UNDECLARED_SELECTOR = YES;
				GCC_WARN_UNINITIALIZED_AUTOS = YES_AGGRESSIVE;
				GCC_WARN_UNUSED_FUNCTION = YES;
				GCC_WARN_UNUSED_VARIABLE = YES;
				IPHONEOS_DEPLOYMENT_TARGET = 17.0;
				MTL_ENABLE_DEBUG_INFO = INCLUDE_SOURCE;
				MTL_FAST_MATH = YES;
				ONLY_ACTIVE_ARCH = YES;
				PRODUCT_NAME = "$(TARGET_NAME)";
				SDKROOT = iphoneos;
				SWIFT_ACTIVE_COMPILATION_CONDITIONS = DEBUG;
				SWIFT_OPTIMIZATION_LEVEL = "-Onone";
				SWIFT_VERSION = 5.0;
			};
			name = Debug;
		};
		169BFBF5176B589704E62223 /* Debug */ = {
			isa = XCBuildConfiguration;
			buildSettings = {
				ASSETCATALOG_COMPILER_APPICON_NAME = AppIcon;
				CODE_SIGN_IDENTITY = "iPhone Developer";
				CODE_SIGN_STYLE = Automatic;
				CURRENT_PROJECT_VERSION = 1;
				INFOPLIST_FILE = CATcam/Info.plist;
				INFOPLIST_KEY_UIUserInterfaceStyle = Dark;
				LD_RUNPATH_SEARCH_PATHS = (
					"$(inherited)",
					"@executable_path/Frameworks",
				);
				MARKETING_VERSION = 1.0;
				MTLLINKER_FLAGS = "-cikernel";
				MTL_COMPILER_FLAGS = "-fcikernel";
				PRODUCT_BUNDLE_IDENTIFIER = com.harasaki.CATcam;
				SDKROOT = iphoneos;
				SWIFT_VERSION = 5.0;
				TARGETED_DEVICE_FAMILY = 1;
			};
			name = Debug;
		};
		912047AA4D8C474A6809533C /* Release */ = {
			isa = XCBuildConfiguration;
			buildSettings = {
				ALWAYS_SEARCH_USER_PATHS = NO;
				CLANG_ANALYZER_NONNULL = YES;
				CLANG_ANALYZER_NUMBER_OBJECT_CONVERSION = YES_AGGRESSIVE;
				CLANG_CXX_LANGUAGE_STANDARD = "gnu++14";
				CLANG_CXX_LIBRARY = "libc++";
				CLANG_ENABLE_MODULES = YES;
				CLANG_ENABLE_OBJC_ARC = YES;
				CLANG_ENABLE_OBJC_WEAK = YES;
				CLANG_WARN_BLOCK_CAPTURE_AUTORELEASING = YES;
				CLANG_WARN_BOOL_CONVERSION = YES;
				CLANG_WARN_COMMA = YES;
				CLANG_WARN_CONSTANT_CONVERSION = YES;
				CLANG_WARN_DEPRECATED_OBJC_IMPLEMENTATIONS = YES;
				CLANG_WARN_DIRECT_OBJC_ISA_USAGE = YES_ERROR;
				CLANG_WARN_DOCUMENTATION_COMMENTS = YES;
				CLANG_WARN_EMPTY_BODY = YES;
				CLANG_WARN_ENUM_CONVERSION = YES;
				CLANG_WARN_INFINITE_RECURSION = YES;
				CLANG_WARN_INT_CONVERSION = YES;
				CLANG_WARN_NON_LITERAL_NULL_CONVERSION = YES;
				CLANG_WARN_OBJC_IMPLICIT_RETAIN_SELF = YES;
				CLANG_WARN_OBJC_LITERAL_CONVERSION = YES;
				CLANG_WARN_OBJC_ROOT_CLASS = YES_ERROR;
				CLANG_WARN_QUOTED_INCLUDE_IN_FRAMEWORK_HEADER = YES;
				CLANG_WARN_RANGE_LOOP_ANALYSIS = YES;
				CLANG_WARN_STRICT_PROTOTYPES = YES;
				CLANG_WARN_SUSPICIOUS_MOVE = YES;
				CLANG_WARN_UNGUARDED_AVAILABILITY = YES_AGGRESSIVE;
				CLANG_WARN_UNREACHABLE_CODE = YES;
				CLANG_WARN__DUPLICATE_METHOD_MATCH = YES;
				COPY_PHASE_STRIP = NO;
				DEBUG_INFORMATION_FORMAT = "dwarf-with-dsym";
				ENABLE_NS_ASSERTIONS = NO;
				ENABLE_STRICT_OBJC_MSGSEND = YES;
				GCC_C_LANGUAGE_STANDARD = gnu11;
				GCC_NO_COMMON_BLOCKS = YES;
				GCC_WARN_64_TO_32_BIT_CONVERSION = YES;
				GCC_WARN_ABOUT_RETURN_TYPE = YES_ERROR;
				GCC_WARN_UNDECLARED_SELECTOR = YES;
				GCC_WARN_UNINITIALIZED_AUTOS = YES_AGGRESSIVE;
				GCC_WARN_UNUSED_FUNCTION = YES;
				GCC_WARN_UNUSED_VARIABLE = YES;
				IPHONEOS_DEPLOYMENT_TARGET = 17.0;
				MTL_ENABLE_DEBUG_INFO = NO;
				MTL_FAST_MATH = YES;
				PRODUCT_NAME = "$(TARGET_NAME)";
				SDKROOT = iphoneos;
				SWIFT_COMPILATION_MODE = wholemodule;
				SWIFT_OPTIMIZATION_LEVEL = "-O";
				SWIFT_VERSION = 5.0;
			};
			name = Release;
		};
		BB63E3D5169E22B45847F2F0 /* Release */ = {
			isa = XCBuildConfiguration;
			buildSettings = {
				ASSETCATALOG_COMPILER_APPICON_NAME = AppIcon;
				CODE_SIGN_IDENTITY = "iPhone Developer";
				CODE_SIGN_STYLE = Automatic;
				CURRENT_PROJECT_VERSION = 1;
				INFOPLIST_FILE = CATcam/Info.plist;
				INFOPLIST_KEY_UIUserInterfaceStyle = Dark;
				LD_RUNPATH_SEARCH_PATHS = (
					"$(inherited)",
					"@executable_path/Frameworks",
				);
				MARKETING_VERSION = 1.0;
				MTLLINKER_FLAGS = "-cikernel";
				MTL_COMPILER_FLAGS = "-fcikernel";
				PRODUCT_BUNDLE_IDENTIFIER = com.harasaki.CATcam;
				SDKROOT = iphoneos;
				SWIFT_VERSION = 5.0;
				TARGETED_DEVICE_FAMILY = 1;
			};
			name = Release;
		};
/* End XCBuildConfiguration section */

/* Begin XCConfigurationList section */
		00035204954DA56329510E5C /* Build configuration list for PBXNativeTarget "CATcam" */ = {
			isa = XCConfigurationList;
			buildConfigurations = (
				169BFBF5176B589704E62223 /* Debug */,
				BB63E3D5169E22B45847F2F0 /* Release */,
			);
			defaultConfigurationIsVisible = 0;
			defaultConfigurationName = Debug;
		};
		E276099BFD1A1E49FD9C8F53 /* Build configuration list for PBXProject "CATcam" */ = {
			isa = XCConfigurationList;
			buildConfigurations = (
				052E6B02BCD2D6B787F1F735 /* Debug */,
				912047AA4D8C474A6809533C /* Release */,
			);
			defaultConfigurationIsVisible = 0;
			defaultConfigurationName = Debug;
		};
/* End XCConfigurationList section */
	};
	rootObject = 3CFAF8691A151A7EB2A9F231 /* Project object */;
}
